<?xml version="1.0" encoding="UTF-8" standalone="yes" ?>
<CodeBlocks_project_file>
	<FileVersion major="1" minor="6" />
	<Project>
		<Option title="RuladaWX" />
		<Option pch_mode="2" />
		<Option compiler="dmd" />
		<Build>
			<Target title="Debug">
				<Option output="bin/Debug/RuladaWX_dbg" prefix_auto="1" extension_auto="1" />
				<Option working_dir="" />
				<Option object_output="obj/Debug/" />
				<Option type="2" />
				<Option compiler="dmd" />
				<Option createDefFile="1" />
				<Compiler>
					<Add option="-g" />
					<Add option="-debug" />
				</Compiler>
			</Target>
			<Target title="Release">
				<Option output="bin/Release/RuladaWX" prefix_auto="1" extension_auto="1" />
				<Option working_dir="" />
				<Option object_output="obj/Release/" />
				<Option type="2" />
				<Option compiler="dmd" />
				<Option createDefFile="1" />
				<Compiler>
					<Add option="-O" />
				</Compiler>
			</Target>
		</Build>
		<Unit filename="src/wx/Accelerator.d" />
		<Unit filename="src/wx/ActivateEvent.d" />
		<Unit filename="src/wx/App.d" />
		<Unit filename="src/wx/ArrayInt.d" />
		<Unit filename="src/wx/ArrayString.d" />
		<Unit filename="src/wx/ArtProvider.d" />
		<Unit filename="src/wx/Bitmap.d" />
		<Unit filename="src/wx/BitmapButton.d" />
		<Unit filename="src/wx/BoxSizer.d" />
		<Unit filename="src/wx/Brush.d" />
		<Unit filename="src/wx/Button.d" />
		<Unit filename="src/wx/CalendarCtrl.d" />
		<Unit filename="src/wx/Caret.d" />
		<Unit filename="src/wx/CheckBox.d" />
		<Unit filename="src/wx/ChildFocusEvent.d" />
		<Unit filename="src/wx/Choice.d" />
		<Unit filename="src/wx/ChoiceDialog.d" />
		<Unit filename="src/wx/ClientData.d" />
		<Unit filename="src/wx/Clipboard.d" />
		<Unit filename="src/wx/CloseEvent.d" />
		<Unit filename="src/wx/Colour.d" />
		<Unit filename="src/wx/ColourDialog.d" />
		<Unit filename="src/wx/ComboBox.d" />
		<Unit filename="src/wx/CommandEvent.d" />
		<Unit filename="src/wx/Config.d" />
		<Unit filename="src/wx/ContextMenuEvent.d" />
		<Unit filename="src/wx/Control.d" />
		<Unit filename="src/wx/Cursor.d" />
		<Unit filename="src/wx/DC.d" />
		<Unit filename="src/wx/DND.d" />
		<Unit filename="src/wx/DataFormat.d" />
		<Unit filename="src/wx/DataObject.d" />
		<Unit filename="src/wx/Defs.d" />
		<Unit filename="src/wx/Dialog.d" />
		<Unit filename="src/wx/DirDialog.d" />
		<Unit filename="src/wx/Display.d" />
		<Unit filename="src/wx/DisplayChangedEvent.d" />
		<Unit filename="src/wx/Document.d" />
		<Unit filename="src/wx/EraseEvent.d" />
		<Unit filename="src/wx/Event.d" />
		<Unit filename="src/wx/EvtHandler.d" />
		<Unit filename="src/wx/FileDialog.d" />
		<Unit filename="src/wx/FindReplaceDialog.d" />
		<Unit filename="src/wx/FlexGridSizer.d" />
		<Unit filename="src/wx/FocusEvent.d" />
		<Unit filename="src/wx/Font.d" />
		<Unit filename="src/wx/FontDialog.d" />
		<Unit filename="src/wx/FontMisc.d" />
		<Unit filename="src/wx/Frame.d" />
		<Unit filename="src/wx/GDIObject.d" />
		<Unit filename="src/wx/Gauge.d" />
		<Unit filename="src/wx/GdiCommon.d" />
		<Unit filename="src/wx/Grid.d" />
		<Unit filename="src/wx/GridBagSizer.d" />
		<Unit filename="src/wx/GridCtrl.d" />
		<Unit filename="src/wx/GridSizer.d" />
		<Unit filename="src/wx/HTML.d" />
		<Unit filename="src/wx/HelpEvent.d" />
		<Unit filename="src/wx/HtmlHelpController.d" />
		<Unit filename="src/wx/HtmlListBox.d" />
		<Unit filename="src/wx/IControlWithItems.d" />
		<Unit filename="src/wx/Icon.d" />
		<Unit filename="src/wx/IconizeEvent.d" />
		<Unit filename="src/wx/IdleEvent.d" />
		<Unit filename="src/wx/Image.d" />
		<Unit filename="src/wx/ImageHandlers.d" />
		<Unit filename="src/wx/ImageList.d" />
		<Unit filename="src/wx/InitDialogEvent.d" />
		<Unit filename="src/wx/KeyEvent.d" />
		<Unit filename="src/wx/LayoutWin.d" />
		<Unit filename="src/wx/ListBox.d" />
		<Unit filename="src/wx/ListCtrl.d" />
		<Unit filename="src/wx/Listbook.d" />
		<Unit filename="src/wx/Locale.d" />
		<Unit filename="src/wx/Log.d" />
		<Unit filename="src/wx/MDI.d" />
		<Unit filename="src/wx/MaximizeEvent.d" />
		<Unit filename="src/wx/MemoryDC.d" />
		<Unit filename="src/wx/Menu.d" />
		<Unit filename="src/wx/MenuBar.d" />
		<Unit filename="src/wx/MenuItem.d" />
		<Unit filename="src/wx/MessageDialog.d" />
		<Unit filename="src/wx/MiniFrame.d" />
		<Unit filename="src/wx/MouseCaptureChangedEvent.d" />
		<Unit filename="src/wx/MouseEvent.d" />
		<Unit filename="src/wx/MoveEvent.d" />
		<Unit filename="src/wx/NavigationKeyEvent.d" />
		<Unit filename="src/wx/NcPaintEvent.d" />
		<Unit filename="src/wx/Notebook.d" />
		<Unit filename="src/wx/NotebookSizer.d" />
		<Unit filename="src/wx/NotifyEvent.d" />
		<Unit filename="src/wx/NumberDialog.d" />
		<Unit filename="src/wx/PaintEvent.d" />
		<Unit filename="src/wx/Palette.d" />
		<Unit filename="src/wx/PaletteChangedEvent.d" />
		<Unit filename="src/wx/Panel.d" />
		<Unit filename="src/wx/Pen.d" />
		<Unit filename="src/wx/PrintData.d" />
		<Unit filename="src/wx/PrintDialog.d" />
		<Unit filename="src/wx/PrintPreview.d" />
		<Unit filename="src/wx/Printer.d" />
		<Unit filename="src/wx/ProgressDialog.d" />
		<Unit filename="src/wx/QueryNewPaletteEvent.d" />
		<Unit filename="src/wx/RadioBox.d" />
		<Unit filename="src/wx/RadioButton.d" />
		<Unit filename="src/wx/Region.d" />
		<Unit filename="src/wx/SashWindow.d" />
		<Unit filename="src/wx/ScrollBar.d" />
		<Unit filename="src/wx/ScrolledWindow.d" />
		<Unit filename="src/wx/SetCursorEvent.d" />
		<Unit filename="src/wx/ShowEvent.d" />
		<Unit filename="src/wx/SizeEvent.d" />
		<Unit filename="src/wx/Sizer.d" />
		<Unit filename="src/wx/SizerItem.d" />
		<Unit filename="src/wx/Slider.d" />
		<Unit filename="src/wx/Sound.d" />
		<Unit filename="src/wx/SpinButton.d" />
		<Unit filename="src/wx/SpinCtrl.d" />
		<Unit filename="src/wx/SplashScreen.d" />
		<Unit filename="src/wx/SplitterWindow.d" />
		<Unit filename="src/wx/StaticBitmap.d" />
		<Unit filename="src/wx/StaticBox.d" />
		<Unit filename="src/wx/StaticBoxSizer.d" />
		<Unit filename="src/wx/StaticLine.d" />
		<Unit filename="src/wx/StaticText.d" />
		<Unit filename="src/wx/StatusBar.d" />
		<Unit filename="src/wx/StyledTextCtrl.d" />
		<Unit filename="src/wx/SysColourChangedEvent.d" />
		<Unit filename="src/wx/SystemSettings.d" />
		<Unit filename="src/wx/TabCtrl.d" />
		<Unit filename="src/wx/TaskBarIcon.d" />
		<Unit filename="src/wx/TextCtrl.d" />
		<Unit filename="src/wx/TextDialog.d" />
		<Unit filename="src/wx/Thread.d" />
		<Unit filename="src/wx/Timer.d" />
		<Unit filename="src/wx/TipDialog.d" />
		<Unit filename="src/wx/TipWindow.d" />
		<Unit filename="src/wx/ToggleButton.d" />
		<Unit filename="src/wx/ToolBar.d" />
		<Unit filename="src/wx/ToolTip.d" />
		<Unit filename="src/wx/TreeCtrl.d" />
		<Unit filename="src/wx/UpdateUIEvent.d" />
		<Unit filename="src/wx/Utils.d" />
		<Unit filename="src/wx/VLBox.d" />
		<Unit filename="src/wx/VScroll.d" />
		<Unit filename="src/wx/Validator.d" />
		<Unit filename="src/wx/VideoMode.d" />
		<Unit filename="src/wx/Window.d" />
		<Unit filename="src/wx/WindowCreateEvent.d" />
		<Unit filename="src/wx/WindowDestroyEvent.d" />
		<Unit filename="src/wx/Wizard.d" />
		<Unit filename="src/wx/WizardPage.d" />
		<Unit filename="src/wx/WizardPageSimple.d" />
		<Unit filename="src/wx/XmlResource.d" />
		<Unit filename="src/wx/aui/DockArt.d" />
		<Unit filename="src/wx/aui/FrameManager.d" />
		<Unit filename="src/wx/aui/aui.d" />
		<Unit filename="src/wx/common.d" />
		<Unit filename="src/wx/libs.d" />
		<Unit filename="src/wx/wx.d" />
		<Unit filename="src/wx/wxDateTime.d" />
		<Unit filename="src/wx/wxObject.d" />
		<Unit filename="src/wx/wxPlatform.d" />
		<Unit filename="src/wx/wxString.d" />
		<Unit filename="src/wx/wxVersion.d" />
		<Extensions>
			<code_completion />
			<envvars />
			<debugger />
			<lib_finder disable_auto="1" />
		</Extensions>
	</Project>
</CodeBlocks_project_file>
